// !$*UTF8*$!
{
	archiveVersion = 1;
	classes = {
	};
	objectVersion = 56;
	objects = {

/* Begin PBXBuildFile section */
		5D5080C6297F2C3000B6247B /* db_model_v1.xcdatamodeld in Sources */ = {isa = PBXBuildFile; fileRef = 5D5080C4297F2C3000B6247B /* db_model_v1.xcdatamodeld */; };
		5D5081052980225100B6247B /* RecipeDBRepository.swift in Sources */ = {isa = PBXBuildFile; fileRef = 5D5081042980225100B6247B /* RecipeDBRepository.swift */; };
		5D5081072980227C00B6247B /* RealRecipeDBRepository.swift in Sources */ = {isa = PBXBuildFile; fileRef = 5D5081062980227C00B6247B /* RealRecipeDBRepository.swift */; };
		5D50810D298084E900B6247B /* RatingObject+CoreDataClass.swift in Sources */ = {isa = PBXBuildFile; fileRef = 5D508109298084E900B6247B /* RatingObject+CoreDataClass.swift */; };
		5D50810E298084E900B6247B /* RatingObject+CoreDataProperties.swift in Sources */ = {isa = PBXBuildFile; fileRef = 5D50810A298084E900B6247B /* RatingObject+CoreDataProperties.swift */; };
		5D50810F298084E900B6247B /* RecipeObject+CoreDataClass.swift in Sources */ = {isa = PBXBuildFile; fileRef = 5D50810B298084E900B6247B /* RecipeObject+CoreDataClass.swift */; };
		5D508110298084E900B6247B /* RecipeObject+CoreDataProperties.swift in Sources */ = {isa = PBXBuildFile; fileRef = 5D50810C298084E900B6247B /* RecipeObject+CoreDataProperties.swift */; };
		5DC660562979E54E0012CC8C /* RecipesSampleAppApp.swift in Sources */ = {isa = PBXBuildFile; fileRef = 5DC660552979E54E0012CC8C /* RecipesSampleAppApp.swift */; };
		5DC6605A2979E5510012CC8C /* Assets.xcassets in Resources */ = {isa = PBXBuildFile; fileRef = 5DC660592979E5510012CC8C /* Assets.xcassets */; };
		5DC6605D2979E5510012CC8C /* Preview Assets.xcassets in Resources */ = {isa = PBXBuildFile; fileRef = 5DC6605C2979E5510012CC8C /* Preview Assets.xcassets */; };
		5DC6606B2979E5780012CC8C /* Recipe.swift in Sources */ = {isa = PBXBuildFile; fileRef = 5DC660692979E5780012CC8C /* Recipe.swift */; };
		5DC6606C2979E5780012CC8C /* RecipeService.swift in Sources */ = {isa = PBXBuildFile; fileRef = 5DC6606A2979E5780012CC8C /* RecipeService.swift */; };
		5DC660712979E5890012CC8C /* SheetModifier.swift in Sources */ = {isa = PBXBuildFile; fileRef = 5DC6606E2979E5890012CC8C /* SheetModifier.swift */; };
		5DC660722979E5890012CC8C /* PopoverModifier.swift in Sources */ = {isa = PBXBuildFile; fileRef = 5DC6606F2979E5890012CC8C /* PopoverModifier.swift */; };
		5DC660732979E5890012CC8C /* View+Navigation.swift in Sources */ = {isa = PBXBuildFile; fileRef = 5DC660702979E5890012CC8C /* View+Navigation.swift */; };
		5DC660782979E5920012CC8C /* SafariView.swift in Sources */ = {isa = PBXBuildFile; fileRef = 5DC660752979E5920012CC8C /* SafariView.swift */; };
		5DC660792979E5920012CC8C /* RatingStars.swift in Sources */ = {isa = PBXBuildFile; fileRef = 5DC660762979E5920012CC8C /* RatingStars.swift */; };
		5DC660912979E59F0012CC8C /* SettingsView.swift in Sources */ = {isa = PBXBuildFile; fileRef = 5DC6607D2979E59E0012CC8C /* SettingsView.swift */; };
		5DC660922979E59F0012CC8C /* HomeCoordinator.swift in Sources */ = {isa = PBXBuildFile; fileRef = 5DC6607F2979E59E0012CC8C /* HomeCoordinator.swift */; };
		5DC660932979E59F0012CC8C /* HomeCoordinatorView.swift in Sources */ = {isa = PBXBuildFile; fileRef = 5DC660802979E59E0012CC8C /* HomeCoordinatorView.swift */; };
		5DC660942979E59F0012CC8C /* AllRecipesViewModel.swift in Sources */ = {isa = PBXBuildFile; fileRef = 5DC660822979E59E0012CC8C /* AllRecipesViewModel.swift */; };
		5DC660952979E59F0012CC8C /* RecipeList.swift in Sources */ = {isa = PBXBuildFile; fileRef = 5DC660832979E59E0012CC8C /* RecipeList.swift */; };
		5DC660962979E59F0012CC8C /* RatingView.swift in Sources */ = {isa = PBXBuildFile; fileRef = 5DC660852979E59E0012CC8C /* RatingView.swift */; };
		5DC660972979E59F0012CC8C /* RatingViewModel.swift in Sources */ = {isa = PBXBuildFile; fileRef = 5DC660862979E59E0012CC8C /* RatingViewModel.swift */; };
		5DC660982979E59F0012CC8C /* RecipeViewModel.swift in Sources */ = {isa = PBXBuildFile; fileRef = 5DC660882979E59E0012CC8C /* RecipeViewModel.swift */; };
		5DC660992979E59F0012CC8C /* RecipeView.swift in Sources */ = {isa = PBXBuildFile; fileRef = 5DC660892979E59E0012CC8C /* RecipeView.swift */; };
		5DC6609A2979E59F0012CC8C /* RecipeListCoordinatorView.swift in Sources */ = {isa = PBXBuildFile; fileRef = 5DC6608B2979E59E0012CC8C /* RecipeListCoordinatorView.swift */; };
		5DC6609B2979E59F0012CC8C /* RecipeListCoordinator.swift in Sources */ = {isa = PBXBuildFile; fileRef = 5DC6608C2979E59E0012CC8C /* RecipeListCoordinator.swift */; };
		5DC6609C2979E59F0012CC8C /* CardView.swift in Sources */ = {isa = PBXBuildFile; fileRef = 5DC6608E2979E59F0012CC8C /* CardView.swift */; };
		5DC6609D2979E59F0012CC8C /* SignInView.swift in Sources */ = {isa = PBXBuildFile; fileRef = 5DC6608F2979E59F0012CC8C /* SignInView.swift */; };
		5DC6609E2979E59F0012CC8C /* SignInViewModel.swift in Sources */ = {isa = PBXBuildFile; fileRef = 5DC660902979E59F0012CC8C /* SignInViewModel.swift */; };
		5DC660A12979E5C20012CC8C /* AuthenticationService.swift in Sources */ = {isa = PBXBuildFile; fileRef = 5DC660A02979E5C20012CC8C /* AuthenticationService.swift */; };
		5DC660A62979E7B80012CC8C /* URL+Extensions.swift in Sources */ = {isa = PBXBuildFile; fileRef = 5DC660A52979E7B80012CC8C /* URL+Extensions.swift */; };
		5DC660A82979F47B0012CC8C /* RealRecipeService.swift in Sources */ = {isa = PBXBuildFile; fileRef = 5DC660A72979F47B0012CC8C /* RealRecipeService.swift */; };
		5DC660AA2979F4AB0012CC8C /* MockRecipeService.swift in Sources */ = {isa = PBXBuildFile; fileRef = 5DC660A92979F4AB0012CC8C /* MockRecipeService.swift */; };
		5DC660AC297A0FC70012CC8C /* RecipesViewModel.swift in Sources */ = {isa = PBXBuildFile; fileRef = 5DC660AB297A0FC70012CC8C /* RecipesViewModel.swift */; };
		5DC660AF297ACA7E0012CC8C /* UserRecipesViewModel.swift in Sources */ = {isa = PBXBuildFile; fileRef = 5DC660AE297ACA7E0012CC8C /* UserRecipesViewModel.swift */; };
		5DC660B1297ACB1E0012CC8C /* Identifiable+Extensions.swift in Sources */ = {isa = PBXBuildFile; fileRef = 5DC660B0297ACB1E0012CC8C /* Identifiable+Extensions.swift */; };
		5DC660B3297AFCDC0012CC8C /* RatingCell.swift in Sources */ = {isa = PBXBuildFile; fileRef = 5DC660B2297AFCDC0012CC8C /* RatingCell.swift */; };
		5DC660B9297B75AE0012CC8C /* AddRecipeViewModel.swift in Sources */ = {isa = PBXBuildFile; fileRef = 5DC660B8297B75AE0012CC8C /* AddRecipeViewModel.swift */; };
		5DC660BC297C2BA50012CC8C /* AddRecipeView.swift in Sources */ = {isa = PBXBuildFile; fileRef = 5DC660BB297C2BA50012CC8C /* AddRecipeView.swift */; };
		5DC660BE297C33290012CC8C /* WithUserModifier.swift in Sources */ = {isa = PBXBuildFile; fileRef = 5DC660BD297C33290012CC8C /* WithUserModifier.swift */; };
		5DC660C0297C496F0012CC8C /* View+Extensions.swift in Sources */ = {isa = PBXBuildFile; fileRef = 5DC660BF297C496F0012CC8C /* View+Extensions.swift */; };
		5DC660C2297C80D10012CC8C /* String+Extensions.swift in Sources */ = {isa = PBXBuildFile; fileRef = 5DC660C1297C80D10012CC8C /* String+Extensions.swift */; };
		5DC660C5297C869F0012CC8C /* CoreDataStack.swift in Sources */ = {isa = PBXBuildFile; fileRef = 5DC660C4297C869F0012CC8C /* CoreDataStack.swift */; };
		5DC660C7297EF88C0012CC8C /* CoreDataHelpers.swift in Sources */ = {isa = PBXBuildFile; fileRef = 5DC660C6297EF88C0012CC8C /* CoreDataHelpers.swift */; };
/* End PBXBuildFile section */

/* Begin PBXFileReference section */
		5D5080C5297F2C3000B6247B /* db_model_v1.xcdatamodel */ = {isa = PBXFileReference; lastKnownFileType = wrapper.xcdatamodel; path = db_model_v1.xcdatamodel; sourceTree = "<group>"; };
		5D5081042980225100B6247B /* RecipeDBRepository.swift */ = {isa = PBXFileReference; lastKnownFileType = sourcecode.swift; path = RecipeDBRepository.swift; sourceTree = "<group>"; };
		5D5081062980227C00B6247B /* RealRecipeDBRepository.swift */ = {isa = PBXFileReference; lastKnownFileType = sourcecode.swift; path = RealRecipeDBRepository.swift; sourceTree = "<group>"; };
		5D508109298084E900B6247B /* RatingObject+CoreDataClass.swift */ = {isa = PBXFileReference; lastKnownFileType = sourcecode.swift; path = "RatingObject+CoreDataClass.swift"; sourceTree = "<group>"; };
		5D50810A298084E900B6247B /* RatingObject+CoreDataProperties.swift */ = {isa = PBXFileReference; lastKnownFileType = sourcecode.swift; path = "RatingObject+CoreDataProperties.swift"; sourceTree = "<group>"; };
		5D50810B298084E900B6247B /* RecipeObject+CoreDataClass.swift */ = {isa = PBXFileReference; lastKnownFileType = sourcecode.swift; path = "RecipeObject+CoreDataClass.swift"; sourceTree = "<group>"; };
		5D50810C298084E900B6247B /* RecipeObject+CoreDataProperties.swift */ = {isa = PBXFileReference; lastKnownFileType = sourcecode.swift; path = "RecipeObject+CoreDataProperties.swift"; sourceTree = "<group>"; };
		5DC660522979E54E0012CC8C /* RecipesSampleApp.app */ = {isa = PBXFileReference; explicitFileType = wrapper.application; includeInIndex = 0; path = RecipesSampleApp.app; sourceTree = BUILT_PRODUCTS_DIR; };
		5DC660552979E54E0012CC8C /* RecipesSampleAppApp.swift */ = {isa = PBXFileReference; lastKnownFileType = sourcecode.swift; path = RecipesSampleAppApp.swift; sourceTree = "<group>"; };
		5DC660592979E5510012CC8C /* Assets.xcassets */ = {isa = PBXFileReference; lastKnownFileType = folder.assetcatalog; path = Assets.xcassets; sourceTree = "<group>"; };
		5DC6605C2979E5510012CC8C /* Preview Assets.xcassets */ = {isa = PBXFileReference; lastKnownFileType = folder.assetcatalog; path = "Preview Assets.xcassets"; sourceTree = "<group>"; };
		5DC660692979E5780012CC8C /* Recipe.swift */ = {isa = PBXFileReference; fileEncoding = 4; lastKnownFileType = sourcecode.swift; path = Recipe.swift; sourceTree = "<group>"; };
		5DC6606A2979E5780012CC8C /* RecipeService.swift */ = {isa = PBXFileReference; fileEncoding = 4; lastKnownFileType = sourcecode.swift; path = RecipeService.swift; sourceTree = "<group>"; };
		5DC6606E2979E5890012CC8C /* SheetModifier.swift */ = {isa = PBXFileReference; fileEncoding = 4; lastKnownFileType = sourcecode.swift; path = SheetModifier.swift; sourceTree = "<group>"; };
		5DC6606F2979E5890012CC8C /* PopoverModifier.swift */ = {isa = PBXFileReference; fileEncoding = 4; lastKnownFileType = sourcecode.swift; path = PopoverModifier.swift; sourceTree = "<group>"; };
		5DC660702979E5890012CC8C /* View+Navigation.swift */ = {isa = PBXFileReference; fileEncoding = 4; lastKnownFileType = sourcecode.swift; path = "View+Navigation.swift"; sourceTree = "<group>"; };
		5DC660752979E5920012CC8C /* SafariView.swift */ = {isa = PBXFileReference; fileEncoding = 4; lastKnownFileType = sourcecode.swift; path = SafariView.swift; sourceTree = "<group>"; };
		5DC660762979E5920012CC8C /* RatingStars.swift */ = {isa = PBXFileReference; fileEncoding = 4; lastKnownFileType = sourcecode.swift; path = RatingStars.swift; sourceTree = "<group>"; };
		5DC6607D2979E59E0012CC8C /* SettingsView.swift */ = {isa = PBXFileReference; fileEncoding = 4; lastKnownFileType = sourcecode.swift; path = SettingsView.swift; sourceTree = "<group>"; };
		5DC6607F2979E59E0012CC8C /* HomeCoordinator.swift */ = {isa = PBXFileReference; fileEncoding = 4; lastKnownFileType = sourcecode.swift; path = HomeCoordinator.swift; sourceTree = "<group>"; };
		5DC660802979E59E0012CC8C /* HomeCoordinatorView.swift */ = {isa = PBXFileReference; fileEncoding = 4; lastKnownFileType = sourcecode.swift; path = HomeCoordinatorView.swift; sourceTree = "<group>"; };
		5DC660822979E59E0012CC8C /* AllRecipesViewModel.swift */ = {isa = PBXFileReference; fileEncoding = 4; lastKnownFileType = sourcecode.swift; path = AllRecipesViewModel.swift; sourceTree = "<group>"; };
		5DC660832979E59E0012CC8C /* RecipeList.swift */ = {isa = PBXFileReference; fileEncoding = 4; lastKnownFileType = sourcecode.swift; path = RecipeList.swift; sourceTree = "<group>"; };
		5DC660852979E59E0012CC8C /* RatingView.swift */ = {isa = PBXFileReference; fileEncoding = 4; lastKnownFileType = sourcecode.swift; path = RatingView.swift; sourceTree = "<group>"; };
		5DC660862979E59E0012CC8C /* RatingViewModel.swift */ = {isa = PBXFileReference; fileEncoding = 4; lastKnownFileType = sourcecode.swift; path = RatingViewModel.swift; sourceTree = "<group>"; };
		5DC660882979E59E0012CC8C /* RecipeViewModel.swift */ = {isa = PBXFileReference; fileEncoding = 4; lastKnownFileType = sourcecode.swift; path = RecipeViewModel.swift; sourceTree = "<group>"; };
		5DC660892979E59E0012CC8C /* RecipeView.swift */ = {isa = PBXFileReference; fileEncoding = 4; lastKnownFileType = sourcecode.swift; path = RecipeView.swift; sourceTree = "<group>"; };
		5DC6608B2979E59E0012CC8C /* RecipeListCoordinatorView.swift */ = {isa = PBXFileReference; fileEncoding = 4; lastKnownFileType = sourcecode.swift; path = RecipeListCoordinatorView.swift; sourceTree = "<group>"; };
		5DC6608C2979E59E0012CC8C /* RecipeListCoordinator.swift */ = {isa = PBXFileReference; fileEncoding = 4; lastKnownFileType = sourcecode.swift; path = RecipeListCoordinator.swift; sourceTree = "<group>"; };
		5DC6608E2979E59F0012CC8C /* CardView.swift */ = {isa = PBXFileReference; fileEncoding = 4; lastKnownFileType = sourcecode.swift; path = CardView.swift; sourceTree = "<group>"; };
		5DC6608F2979E59F0012CC8C /* SignInView.swift */ = {isa = PBXFileReference; fileEncoding = 4; lastKnownFileType = sourcecode.swift; path = SignInView.swift; sourceTree = "<group>"; };
		5DC660902979E59F0012CC8C /* SignInViewModel.swift */ = {isa = PBXFileReference; fileEncoding = 4; lastKnownFileType = sourcecode.swift; path = SignInViewModel.swift; sourceTree = "<group>"; };
		5DC660A02979E5C20012CC8C /* AuthenticationService.swift */ = {isa = PBXFileReference; fileEncoding = 4; lastKnownFileType = sourcecode.swift; path = AuthenticationService.swift; sourceTree = "<group>"; };
		5DC660A52979E7B80012CC8C /* URL+Extensions.swift */ = {isa = PBXFileReference; fileEncoding = 4; lastKnownFileType = sourcecode.swift; path = "URL+Extensions.swift"; sourceTree = "<group>"; };
		5DC660A72979F47B0012CC8C /* RealRecipeService.swift */ = {isa = PBXFileReference; lastKnownFileType = sourcecode.swift; path = RealRecipeService.swift; sourceTree = "<group>"; };
		5DC660A92979F4AB0012CC8C /* MockRecipeService.swift */ = {isa = PBXFileReference; lastKnownFileType = sourcecode.swift; path = MockRecipeService.swift; sourceTree = "<group>"; };
		5DC660AB297A0FC70012CC8C /* RecipesViewModel.swift */ = {isa = PBXFileReference; lastKnownFileType = sourcecode.swift; path = RecipesViewModel.swift; sourceTree = "<group>"; };
		5DC660AE297ACA7E0012CC8C /* UserRecipesViewModel.swift */ = {isa = PBXFileReference; lastKnownFileType = sourcecode.swift; path = UserRecipesViewModel.swift; sourceTree = "<group>"; };
		5DC660B0297ACB1E0012CC8C /* Identifiable+Extensions.swift */ = {isa = PBXFileReference; lastKnownFileType = sourcecode.swift; path = "Identifiable+Extensions.swift"; sourceTree = "<group>"; };
		5DC660B2297AFCDC0012CC8C /* RatingCell.swift */ = {isa = PBXFileReference; lastKnownFileType = sourcecode.swift; path = RatingCell.swift; sourceTree = "<group>"; };
		5DC660B8297B75AE0012CC8C /* AddRecipeViewModel.swift */ = {isa = PBXFileReference; lastKnownFileType = sourcecode.swift; path = AddRecipeViewModel.swift; sourceTree = "<group>"; };
		5DC660BB297C2BA50012CC8C /* AddRecipeView.swift */ = {isa = PBXFileReference; lastKnownFileType = sourcecode.swift; path = AddRecipeView.swift; sourceTree = "<group>"; };
		5DC660BD297C33290012CC8C /* WithUserModifier.swift */ = {isa = PBXFileReference; lastKnownFileType = sourcecode.swift; path = WithUserModifier.swift; sourceTree = "<group>"; };
		5DC660BF297C496F0012CC8C /* View+Extensions.swift */ = {isa = PBXFileReference; lastKnownFileType = sourcecode.swift; path = "View+Extensions.swift"; sourceTree = "<group>"; };
		5DC660C1297C80D10012CC8C /* String+Extensions.swift */ = {isa = PBXFileReference; lastKnownFileType = sourcecode.swift; path = "String+Extensions.swift"; sourceTree = "<group>"; };
		5DC660C4297C869F0012CC8C /* CoreDataStack.swift */ = {isa = PBXFileReference; lastKnownFileType = sourcecode.swift; path = CoreDataStack.swift; sourceTree = "<group>"; };
		5DC660C6297EF88C0012CC8C /* CoreDataHelpers.swift */ = {isa = PBXFileReference; lastKnownFileType = sourcecode.swift; path = CoreDataHelpers.swift; sourceTree = "<group>"; };
/* End PBXFileReference section */

/* Begin PBXFrameworksBuildPhase section */
		5DC6604F2979E54E0012CC8C /* Frameworks */ = {
			isa = PBXFrameworksBuildPhase;
			buildActionMask = 2147483647;
			files = (
			);
			runOnlyForDeploymentPostprocessing = 0;
		};
/* End PBXFrameworksBuildPhase section */

/* Begin PBXGroup section */
		5D5081032980220200B6247B /* Repositories */ = {
			isa = PBXGroup;
			children = (
				5D5081042980225100B6247B /* RecipeDBRepository.swift */,
				5D5081062980227C00B6247B /* RealRecipeDBRepository.swift */,
			);
			path = Repositories;
			sourceTree = "<group>";
		};
		5D508108298022E100B6247B /* Services */ = {
			isa = PBXGroup;
			children = (
				5DC6606A2979E5780012CC8C /* RecipeService.swift */,
				5DC660A72979F47B0012CC8C /* RealRecipeService.swift */,
				5DC660A92979F4AB0012CC8C /* MockRecipeService.swift */,
			);
			path = Services;
			sourceTree = "<group>";
		};
		5DC660492979E54E0012CC8C = {
			isa = PBXGroup;
			children = (
				5DC660542979E54E0012CC8C /* RecipesSampleApp */,
				5DC660532979E54E0012CC8C /* Products */,
			);
			sourceTree = "<group>";
		};
		5DC660532979E54E0012CC8C /* Products */ = {
			isa = PBXGroup;
			children = (
				5DC660522979E54E0012CC8C /* RecipesSampleApp.app */,
			);
			name = Products;
			sourceTree = "<group>";
		};
		5DC660542979E54E0012CC8C /* RecipesSampleApp */ = {
			isa = PBXGroup;
			children = (
				5D508108298022E100B6247B /* Services */,
				5D5081032980220200B6247B /* Repositories */,
				5DC660C3297C868A0012CC8C /* Persistence */,
				5DC660A42979E7B80012CC8C /* Extensions */,
				5DC6607B2979E59E0012CC8C /* Scenes */,
				5DC660742979E5920012CC8C /* Views */,
				5DC6606D2979E5890012CC8C /* ViewModifiers */,
				5DC660682979E5780012CC8C /* Model */,
				5DC660552979E54E0012CC8C /* RecipesSampleAppApp.swift */,
				5DC660592979E5510012CC8C /* Assets.xcassets */,
				5DC6605B2979E5510012CC8C /* Preview Content */,
			);
			path = RecipesSampleApp;
			sourceTree = "<group>";
		};
		5DC6605B2979E5510012CC8C /* Preview Content */ = {
			isa = PBXGroup;
			children = (
				5DC6605C2979E5510012CC8C /* Preview Assets.xcassets */,
			);
			path = "Preview Content";
			sourceTree = "<group>";
		};
		5DC660682979E5780012CC8C /* Model */ = {
			isa = PBXGroup;
			children = (
				5DC660692979E5780012CC8C /* Recipe.swift */,
			);
			path = Model;
			sourceTree = "<group>";
		};
		5DC6606D2979E5890012CC8C /* ViewModifiers */ = {
			isa = PBXGroup;
			children = (
				5DC6606E2979E5890012CC8C /* SheetModifier.swift */,
				5DC6606F2979E5890012CC8C /* PopoverModifier.swift */,
				5DC660702979E5890012CC8C /* View+Navigation.swift */,
				5DC660BD297C33290012CC8C /* WithUserModifier.swift */,
			);
			path = ViewModifiers;
			sourceTree = "<group>";
		};
		5DC660742979E5920012CC8C /* Views */ = {
			isa = PBXGroup;
			children = (
				5DC660752979E5920012CC8C /* SafariView.swift */,
				5DC660762979E5920012CC8C /* RatingStars.swift */,
			);
			path = Views;
			sourceTree = "<group>";
		};
		5DC6607B2979E59E0012CC8C /* Scenes */ = {
			isa = PBXGroup;
			children = (
				5DC660BA297B75C80012CC8C /* AddRecipe */,
				5DC660AD297A123E0012CC8C /* UserRecipes */,
				5DC6607C2979E59E0012CC8C /* Settings */,
				5DC6607E2979E59E0012CC8C /* Home */,
				5DC660812979E59E0012CC8C /* AllRecipes */,
				5DC660842979E59E0012CC8C /* Rating */,
				5DC660872979E59E0012CC8C /* Recipe */,
				5DC6608A2979E59E0012CC8C /* RecipeListCoordinator */,
				5DC6608D2979E59E0012CC8C /* Sign In */,
			);
			path = Scenes;
			sourceTree = "<group>";
		};
		5DC6607C2979E59E0012CC8C /* Settings */ = {
			isa = PBXGroup;
			children = (
				5DC6607D2979E59E0012CC8C /* SettingsView.swift */,
			);
			path = Settings;
			sourceTree = "<group>";
		};
		5DC6607E2979E59E0012CC8C /* Home */ = {
			isa = PBXGroup;
			children = (
				5DC6607F2979E59E0012CC8C /* HomeCoordinator.swift */,
				5DC660802979E59E0012CC8C /* HomeCoordinatorView.swift */,
			);
			path = Home;
			sourceTree = "<group>";
		};
		5DC660812979E59E0012CC8C /* AllRecipes */ = {
			isa = PBXGroup;
			children = (
				5DC660822979E59E0012CC8C /* AllRecipesViewModel.swift */,
				5DC660832979E59E0012CC8C /* RecipeList.swift */,
				5DC660AB297A0FC70012CC8C /* RecipesViewModel.swift */,
			);
			path = AllRecipes;
			sourceTree = "<group>";
		};
		5DC660842979E59E0012CC8C /* Rating */ = {
			isa = PBXGroup;
			children = (
				5DC660B2297AFCDC0012CC8C /* RatingCell.swift */,
				5DC660852979E59E0012CC8C /* RatingView.swift */,
				5DC660862979E59E0012CC8C /* RatingViewModel.swift */,
			);
			path = Rating;
			sourceTree = "<group>";
		};
		5DC660872979E59E0012CC8C /* Recipe */ = {
			isa = PBXGroup;
			children = (
				5DC660882979E59E0012CC8C /* RecipeViewModel.swift */,
				5DC660892979E59E0012CC8C /* RecipeView.swift */,
			);
			path = Recipe;
			sourceTree = "<group>";
		};
		5DC6608A2979E59E0012CC8C /* RecipeListCoordinator */ = {
			isa = PBXGroup;
			children = (
				5DC6608B2979E59E0012CC8C /* RecipeListCoordinatorView.swift */,
				5DC6608C2979E59E0012CC8C /* RecipeListCoordinator.swift */,
			);
			path = RecipeListCoordinator;
			sourceTree = "<group>";
		};
		5DC6608D2979E59E0012CC8C /* Sign In */ = {
			isa = PBXGroup;
			children = (
				5DC6609F2979E5C20012CC8C /* AuthenticationService */,
				5DC6608E2979E59F0012CC8C /* CardView.swift */,
				5DC6608F2979E59F0012CC8C /* SignInView.swift */,
				5DC660902979E59F0012CC8C /* SignInViewModel.swift */,
			);
			path = "Sign In";
			sourceTree = "<group>";
		};
		5DC6609F2979E5C20012CC8C /* AuthenticationService */ = {
			isa = PBXGroup;
			children = (
				5DC660A02979E5C20012CC8C /* AuthenticationService.swift */,
			);
			path = AuthenticationService;
			sourceTree = "<group>";
		};
		5DC660A42979E7B80012CC8C /* Extensions */ = {
			isa = PBXGroup;
			children = (
				5DC660A52979E7B80012CC8C /* URL+Extensions.swift */,
				5DC660B0297ACB1E0012CC8C /* Identifiable+Extensions.swift */,
				5DC660BF297C496F0012CC8C /* View+Extensions.swift */,
				5DC660C1297C80D10012CC8C /* String+Extensions.swift */,
			);
			path = Extensions;
			sourceTree = "<group>";
		};
		5DC660AD297A123E0012CC8C /* UserRecipes */ = {
			isa = PBXGroup;
			children = (
				5DC660AE297ACA7E0012CC8C /* UserRecipesViewModel.swift */,
			);
			path = UserRecipes;
			sourceTree = "<group>";
		};
		5DC660BA297B75C80012CC8C /* AddRecipe */ = {
			isa = PBXGroup;
			children = (
				5DC660B8297B75AE0012CC8C /* AddRecipeViewModel.swift */,
				5DC660BB297C2BA50012CC8C /* AddRecipeView.swift */,
			);
			path = AddRecipe;
			sourceTree = "<group>";
		};
		5DC660C3297C868A0012CC8C /* Persistence */ = {
			isa = PBXGroup;
			children = (
				5DC660C4297C869F0012CC8C /* CoreDataStack.swift */,
				5DC660C6297EF88C0012CC8C /* CoreDataHelpers.swift */,
				5D508109298084E900B6247B /* RatingObject+CoreDataClass.swift */,
				5D50810A298084E900B6247B /* RatingObject+CoreDataProperties.swift */,
				5D50810B298084E900B6247B /* RecipeObject+CoreDataClass.swift */,
				5D50810C298084E900B6247B /* RecipeObject+CoreDataProperties.swift */,
				5D5080C4297F2C3000B6247B /* db_model_v1.xcdatamodeld */,
			);
			path = Persistence;
			sourceTree = "<group>";
		};
/* End PBXGroup section */

/* Begin PBXNativeTarget section */
		5DC660512979E54E0012CC8C /* RecipesSampleApp */ = {
			isa = PBXNativeTarget;
			buildConfigurationList = 5DC660652979E5510012CC8C /* Build configuration list for PBXNativeTarget "RecipesSampleApp" */;
			buildPhases = (
				5DC6604E2979E54E0012CC8C /* Sources */,
				5DC6604F2979E54E0012CC8C /* Frameworks */,
				5DC660502979E54E0012CC8C /* Resources */,
			);
			buildRules = (
			);
			dependencies = (
			);
			name = RecipesSampleApp;
			productName = RecipesSampleApp;
			productReference = 5DC660522979E54E0012CC8C /* RecipesSampleApp.app */;
			productType = "com.apple.product-type.application";
		};
/* End PBXNativeTarget section */

/* Begin PBXProject section */
		5DC6604A2979E54E0012CC8C /* Project object */ = {
			isa = PBXProject;
			attributes = {
				BuildIndependentTargetsInParallel = 1;
				LastSwiftUpdateCheck = 1420;
				LastUpgradeCheck = 1420;
				TargetAttributes = {
					5DC660512979E54E0012CC8C = {
						CreatedOnToolsVersion = 14.2;
					};
				};
			};
			buildConfigurationList = 5DC6604D2979E54E0012CC8C /* Build configuration list for PBXProject "RecipesSampleApp" */;
			compatibilityVersion = "Xcode 14.0";
			developmentRegion = en;
			hasScannedForEncodings = 0;
			knownRegions = (
				en,
				Base,
			);
			mainGroup = 5DC660492979E54E0012CC8C;
			productRefGroup = 5DC660532979E54E0012CC8C /* Products */;
			projectDirPath = "";
			projectRoot = "";
			targets = (
				5DC660512979E54E0012CC8C /* RecipesSampleApp */,
			);
		};
/* End PBXProject section */

/* Begin PBXResourcesBuildPhase section */
		5DC660502979E54E0012CC8C /* Resources */ = {
			isa = PBXResourcesBuildPhase;
			buildActionMask = 2147483647;
			files = (
				5DC6605D2979E5510012CC8C /* Preview Assets.xcassets in Resources */,
				5DC6605A2979E5510012CC8C /* Assets.xcassets in Resources */,
			);
			runOnlyForDeploymentPostprocessing = 0;
		};
/* End PBXResourcesBuildPhase section */

/* Begin PBXSourcesBuildPhase section */
		5DC6604E2979E54E0012CC8C /* Sources */ = {
			isa = PBXSourcesBuildPhase;
			buildActionMask = 2147483647;
			files = (
				5DC6609A2979E59F0012CC8C /* RecipeListCoordinatorView.swift in Sources */,
				5D5081072980227C00B6247B /* RealRecipeDBRepository.swift in Sources */,
				5DC6606C2979E5780012CC8C /* RecipeService.swift in Sources */,
				5DC660BE297C33290012CC8C /* WithUserModifier.swift in Sources */,
				5DC660722979E5890012CC8C /* PopoverModifier.swift in Sources */,
				5DC6609E2979E59F0012CC8C /* SignInViewModel.swift in Sources */,
				5DC660992979E59F0012CC8C /* RecipeView.swift in Sources */,
				5DC6609B2979E59F0012CC8C /* RecipeListCoordinator.swift in Sources */,
				5DC660A82979F47B0012CC8C /* RealRecipeService.swift in Sources */,
				5DC660962979E59F0012CC8C /* RatingView.swift in Sources */,
				5DC660942979E59F0012CC8C /* AllRecipesViewModel.swift in Sources */,
				5DC6609D2979E59F0012CC8C /* SignInView.swift in Sources */,
				5DC660C2297C80D10012CC8C /* String+Extensions.swift in Sources */,
				5DC660932979E59F0012CC8C /* HomeCoordinatorView.swift in Sources */,
				5DC660A12979E5C20012CC8C /* AuthenticationService.swift in Sources */,
				5DC660BC297C2BA50012CC8C /* AddRecipeView.swift in Sources */,
				5DC660982979E59F0012CC8C /* RecipeViewModel.swift in Sources */,
				5D5081052980225100B6247B /* RecipeDBRepository.swift in Sources */,
				5DC660922979E59F0012CC8C /* HomeCoordinator.swift in Sources */,
				5DC660C7297EF88C0012CC8C /* CoreDataHelpers.swift in Sources */,
				5DC660AF297ACA7E0012CC8C /* UserRecipesViewModel.swift in Sources */,
				5D5080C6297F2C3000B6247B /* db_model_v1.xcdatamodeld in Sources */,
				5DC660782979E5920012CC8C /* SafariView.swift in Sources */,
				5DC660792979E5920012CC8C /* RatingStars.swift in Sources */,
				5DC660B1297ACB1E0012CC8C /* Identifiable+Extensions.swift in Sources */,
				5DC660562979E54E0012CC8C /* RecipesSampleAppApp.swift in Sources */,
				5DC660AC297A0FC70012CC8C /* RecipesViewModel.swift in Sources */,
				5D50810F298084E900B6247B /* RecipeObject+CoreDataClass.swift in Sources */,
				5D50810E298084E900B6247B /* RatingObject+CoreDataProperties.swift in Sources */,
				5DC660712979E5890012CC8C /* SheetModifier.swift in Sources */,
				5D508110298084E900B6247B /* RecipeObject+CoreDataProperties.swift in Sources */,
				5DC660B9297B75AE0012CC8C /* AddRecipeViewModel.swift in Sources */,
				5DC660C5297C869F0012CC8C /* CoreDataStack.swift in Sources */,
				5DC660B3297AFCDC0012CC8C /* RatingCell.swift in Sources */,
				5DC660AA2979F4AB0012CC8C /* MockRecipeService.swift in Sources */,
				5DC660C0297C496F0012CC8C /* View+Extensions.swift in Sources */,
				5DC660952979E59F0012CC8C /* RecipeList.swift in Sources */,
				5DC6606B2979E5780012CC8C /* Recipe.swift in Sources */,
				5DC660A62979E7B80012CC8C /* URL+Extensions.swift in Sources */,
				5DC660732979E5890012CC8C /* View+Navigation.swift in Sources */,
				5DC660912979E59F0012CC8C /* SettingsView.swift in Sources */,
				5DC6609C2979E59F0012CC8C /* CardView.swift in Sources */,
				5DC660972979E59F0012CC8C /* RatingViewModel.swift in Sources */,
				5D50810D298084E900B6247B /* RatingObject+CoreDataClass.swift in Sources */,
			);
			runOnlyForDeploymentPostprocessing = 0;
		};
/* End PBXSourcesBuildPhase section */

/* Begin XCBuildConfiguration section */
		5DC660632979E5510012CC8C /* Debug */ = {
			isa = XCBuildConfiguration;
			buildSettings = {
				ALWAYS_SEARCH_USER_PATHS = NO;
				CLANG_ANALYZER_NONNULL = YES;
				CLANG_ANALYZER_NUMBER_OBJECT_CONVERSION = YES_AGGRESSIVE;
				CLANG_CXX_LANGUAGE_STANDARD = "gnu++20";
				CLANG_ENABLE_MODULES = YES;
				CLANG_ENABLE_OBJC_ARC = YES;
				CLANG_ENABLE_OBJC_WEAK = YES;
				CLANG_WARN_BLOCK_CAPTURE_AUTORELEASING = YES;
				CLANG_WARN_BOOL_CONVERSION = YES;
				CLANG_WARN_COMMA = YES;
				CLANG_WARN_CONSTANT_CONVERSION = YES;
				CLANG_WARN_DEPRECATED_OBJC_IMPLEMENTATIONS = YES;
				CLANG_WARN_DIRECT_OBJC_ISA_USAGE = YES_ERROR;
				CLANG_WARN_DOCUMENTATION_COMMENTS = YES;
				CLANG_WARN_EMPTY_BODY = YES;
				CLANG_WARN_ENUM_CONVERSION = YES;
				CLANG_WARN_INFINITE_RECURSION = YES;
				CLANG_WARN_INT_CONVERSION = YES;
				CLANG_WARN_NON_LITERAL_NULL_CONVERSION = YES;
				CLANG_WARN_OBJC_IMPLICIT_RETAIN_SELF = YES;
				CLANG_WARN_OBJC_LITERAL_CONVERSION = YES;
				CLANG_WARN_OBJC_ROOT_CLASS = YES_ERROR;
				CLANG_WARN_QUOTED_INCLUDE_IN_FRAMEWORK_HEADER = YES;
				CLANG_WARN_RANGE_LOOP_ANALYSIS = YES;
				CLANG_WARN_STRICT_PROTOTYPES = YES;
				CLANG_WARN_SUSPICIOUS_MOVE = YES;
				CLANG_WARN_UNGUARDED_AVAILABILITY = YES_AGGRESSIVE;
				CLANG_WARN_UNREACHABLE_CODE = YES;
				CLANG_WARN__DUPLICATE_METHOD_MATCH = YES;
				COPY_PHASE_STRIP = NO;
				DEBUG_INFORMATION_FORMAT = dwarf;
				ENABLE_STRICT_OBJC_MSGSEND = YES;
				ENABLE_TESTABILITY = YES;
				GCC_C_LANGUAGE_STANDARD = gnu11;
				GCC_DYNAMIC_NO_PIC = NO;
				GCC_NO_COMMON_BLOCKS = YES;
				GCC_OPTIMIZATION_LEVEL = 0;
				GCC_PREPROCESSOR_DEFINITIONS = (
					"DEBUG=1",
					"$(inherited)",
				);
				GCC_WARN_64_TO_32_BIT_CONVERSION = YES;
				GCC_WARN_ABOUT_RETURN_TYPE = YES_ERROR;
				GCC_WARN_UNDECLARED_SELECTOR = YES;
				GCC_WARN_UNINITIALIZED_AUTOS = YES_AGGRESSIVE;
				GCC_WARN_UNUSED_FUNCTION = YES;
				GCC_WARN_UNUSED_VARIABLE = YES;
				IPHONEOS_DEPLOYMENT_TARGET = 16.2;
				MTL_ENABLE_DEBUG_INFO = INCLUDE_SOURCE;
				MTL_FAST_MATH = YES;
				ONLY_ACTIVE_ARCH = YES;
				SDKROOT = iphoneos;
				SWIFT_ACTIVE_COMPILATION_CONDITIONS = DEBUG;
				SWIFT_OPTIMIZATION_LEVEL = "-Onone";
			};
			name = Debug;
		};
		5DC660642979E5510012CC8C /* Release */ = {
			isa = XCBuildConfiguration;
			buildSettings = {
				ALWAYS_SEARCH_USER_PATHS = NO;
				CLANG_ANALYZER_NONNULL = YES;
				CLANG_ANALYZER_NUMBER_OBJECT_CONVERSION = YES_AGGRESSIVE;
				CLANG_CXX_LANGUAGE_STANDARD = "gnu++20";
				CLANG_ENABLE_MODULES = YES;
				CLANG_ENABLE_OBJC_ARC = YES;
				CLANG_ENABLE_OBJC_WEAK = YES;
				CLANG_WARN_BLOCK_CAPTURE_AUTORELEASING = YES;
				CLANG_WARN_BOOL_CONVERSION = YES;
				CLANG_WARN_COMMA = YES;
				CLANG_WARN_CONSTANT_CONVERSION = YES;
				CLANG_WARN_DEPRECATED_OBJC_IMPLEMENTATIONS = YES;
				CLANG_WARN_DIRECT_OBJC_ISA_USAGE = YES_ERROR;
				CLANG_WARN_DOCUMENTATION_COMMENTS = YES;
				CLANG_WARN_EMPTY_BODY = YES;
				CLANG_WARN_ENUM_CONVERSION = YES;
				CLANG_WARN_INFINITE_RECURSION = YES;
				CLANG_WARN_INT_CONVERSION = YES;
				CLANG_WARN_NON_LITERAL_NULL_CONVERSION = YES;
				CLANG_WARN_OBJC_IMPLICIT_RETAIN_SELF = YES;
				CLANG_WARN_OBJC_LITERAL_CONVERSION = YES;
				CLANG_WARN_OBJC_ROOT_CLASS = YES_ERROR;
				CLANG_WARN_QUOTED_INCLUDE_IN_FRAMEWORK_HEADER = YES;
				CLANG_WARN_RANGE_LOOP_ANALYSIS = YES;
				CLANG_WARN_STRICT_PROTOTYPES = YES;
				CLANG_WARN_SUSPICIOUS_MOVE = YES;
				CLANG_WARN_UNGUARDED_AVAILABILITY = YES_AGGRESSIVE;
				CLANG_WARN_UNREACHABLE_CODE = YES;
				CLANG_WARN__DUPLICATE_METHOD_MATCH = YES;
				COPY_PHASE_STRIP = NO;
				DEBUG_INFORMATION_FORMAT = "dwarf-with-dsym";
				ENABLE_NS_ASSERTIONS = NO;
				ENABLE_STRICT_OBJC_MSGSEND = YES;
				GCC_C_LANGUAGE_STANDARD = gnu11;
				GCC_NO_COMMON_BLOCKS = YES;
				GCC_WARN_64_TO_32_BIT_CONVERSION = YES;
				GCC_WARN_ABOUT_RETURN_TYPE = YES_ERROR;
				GCC_WARN_UNDECLARED_SELECTOR = YES;
				GCC_WARN_UNINITIALIZED_AUTOS = YES_AGGRESSIVE;
				GCC_WARN_UNUSED_FUNCTION = YES;
				GCC_WARN_UNUSED_VARIABLE = YES;
				IPHONEOS_DEPLOYMENT_TARGET = 16.2;
				MTL_ENABLE_DEBUG_INFO = NO;
				MTL_FAST_MATH = YES;
				SDKROOT = iphoneos;
				SWIFT_COMPILATION_MODE = wholemodule;
				SWIFT_OPTIMIZATION_LEVEL = "-O";
				VALIDATE_PRODUCT = YES;
			};
			name = Release;
		};
		5DC660662979E5510012CC8C /* Debug */ = {
			isa = XCBuildConfiguration;
			buildSettings = {
				ASSETCATALOG_COMPILER_APPICON_NAME = AppIcon;
				ASSETCATALOG_COMPILER_GLOBAL_ACCENT_COLOR_NAME = AccentColor;
				CODE_SIGN_STYLE = Automatic;
				CURRENT_PROJECT_VERSION = 1;
				DEVELOPMENT_ASSET_PATHS = "\"RecipesSampleApp/Preview Content\"";
				DEVELOPMENT_TEAM = TA366CU42K;
				ENABLE_PREVIEWS = YES;
				GENERATE_INFOPLIST_FILE = YES;
				INFOPLIST_KEY_UIApplicationSceneManifest_Generation = YES;
				INFOPLIST_KEY_UIApplicationSupportsIndirectInputEvents = YES;
				INFOPLIST_KEY_UILaunchScreen_Generation = YES;
				INFOPLIST_KEY_UISupportedInterfaceOrientations_iPad = "UIInterfaceOrientationPortrait UIInterfaceOrientationPortraitUpsideDown UIInterfaceOrientationLandscapeLeft UIInterfaceOrientationLandscapeRight";
				INFOPLIST_KEY_UISupportedInterfaceOrientations_iPhone = "UIInterfaceOrientationPortrait UIInterfaceOrientationLandscapeLeft UIInterfaceOrientationLandscapeRight";
				LD_RUNPATH_SEARCH_PATHS = (
					"$(inherited)",
					"@executable_path/Frameworks",
				);
				MARKETING_VERSION = 1.0;
				PRODUCT_BUNDLE_IDENTIFIER = istvankreisz.RecipesSampleApp;
				PRODUCT_NAME = "$(TARGET_NAME)";
				SWIFT_EMIT_LOC_STRINGS = YES;
				SWIFT_VERSION = 5.0;
				TARGETED_DEVICE_FAMILY = "1,2";
			};
			name = Debug;
		};
		5DC660672979E5510012CC8C /* Release */ = {
			isa = XCBuildConfiguration;
			buildSettings = {
				ASSETCATALOG_COMPILER_APPICON_NAME = AppIcon;
				ASSETCATALOG_COMPILER_GLOBAL_ACCENT_COLOR_NAME = AccentColor;
				CODE_SIGN_STYLE = Automatic;
				CURRENT_PROJECT_VERSION = 1;
				DEVELOPMENT_ASSET_PATHS = "\"RecipesSampleApp/Preview Content\"";
				DEVELOPMENT_TEAM = TA366CU42K;
				ENABLE_PREVIEWS = YES;
				GENERATE_INFOPLIST_FILE = YES;
				INFOPLIST_KEY_UIApplicationSceneManifest_Generation = YES;
				INFOPLIST_KEY_UIApplicationSupportsIndirectInputEvents = YES;
				INFOPLIST_KEY_UILaunchScreen_Generation = YES;
				INFOPLIST_KEY_UISupportedInterfaceOrientations_iPad = "UIInterfaceOrientationPortrait UIInterfaceOrientationPortraitUpsideDown UIInterfaceOrientationLandscapeLeft UIInterfaceOrientationLandscapeRight";
				INFOPLIST_KEY_UISupportedInterfaceOrientations_iPhone = "UIInterfaceOrientationPortrait UIInterfaceOrientationLandscapeLeft UIInterfaceOrientationLandscapeRight";
				LD_RUNPATH_SEARCH_PATHS = (
					"$(inherited)",
					"@executable_path/Frameworks",
				);
				MARKETING_VERSION = 1.0;
				PRODUCT_BUNDLE_IDENTIFIER = istvankreisz.RecipesSampleApp;
				PRODUCT_NAME = "$(TARGET_NAME)";
				SWIFT_EMIT_LOC_STRINGS = YES;
				SWIFT_VERSION = 5.0;
				TARGETED_DEVICE_FAMILY = "1,2";
			};
			name = Release;
		};
/* End XCBuildConfiguration section */

/* Begin XCConfigurationList section */
		5DC6604D2979E54E0012CC8C /* Build configuration list for PBXProject "RecipesSampleApp" */ = {
			isa = XCConfigurationList;
			buildConfigurations = (
				5DC660632979E5510012CC8C /* Debug */,
				5DC660642979E5510012CC8C /* Release */,
			);
			defaultConfigurationIsVisible = 0;
			defaultConfigurationName = Release;
		};
		5DC660652979E5510012CC8C /* Build configuration list for PBXNativeTarget "RecipesSampleApp" */ = {
			isa = XCConfigurationList;
			buildConfigurations = (
				5DC660662979E5510012CC8C /* Debug */,
				5DC660672979E5510012CC8C /* Release */,
			);
			defaultConfigurationIsVisible = 0;
			defaultConfigurationName = Release;
		};
/* End XCConfigurationList section */

/* Begin XCVersionGroup section */
		5D5080C4297F2C3000B6247B /* db_model_v1.xcdatamodeld */ = {
			isa = XCVersionGroup;
			children = (
				5D5080C5297F2C3000B6247B /* db_model_v1.xcdatamodel */,
			);
			currentVersion = 5D5080C5297F2C3000B6247B /* db_model_v1.xcdatamodel */;
			path = db_model_v1.xcdatamodeld;
			sourceTree = "<group>";
			versionGroupType = wrapper.xcdatamodel;
		};
/* End XCVersionGroup section */
	};
	rootObject = 5DC6604A2979E54E0012CC8C /* Project object */;
}
